
Microsoft Visual Studio Solution File, Format Version 12.00
Project("{FAE04EC0-301F-11D3-BF4B-00C04F79EFBC}") = "costcollector", "costcollector\costcollector.csproj", "{DEBD0F2E-A171-4BB0-81E1-F5B26E5C7186}"
EndProject
Global
	GlobalSection(SolutionConfigurationPlatforms) = preSolution
		Debug|Any CPU = Debug|Any CPU
		Release|Any CPU = Release|Any CPU
	EndGlobalSection
	GlobalSection(ProjectConfigurationPlatforms) = postSolution
		{DEBD0F2E-A171-4BB0-81E1-F5B26E5C7186}.Debug|Any CPU.ActiveCfg = Debug|Any CPU
		{DEBD0F2E-A171-4BB0-81E1-F5B26E5C7186}.Debug|Any CPU.Build.0 = Debug|Any CPU
		{DEBD0F2E-A171-4BB0-81E1-F5B26E5C7186}.Release|Any CPU.ActiveCfg = Release|Any CPU
		{DEBD0F2E-A171-4BB0-81E1-F5B26E5C7186}.Release|Any CPU.Build.0 = Release|Any CPU
	EndGlobalSection
EndGlobal
